{
  "version": 4,
  "terraform_version": "1.9.6",
  "serial": 57,
  "lineage": "986384a9-ecde-abef-6156-50445a79d1c8",
  "outputs": {
    "api_gateway_url": {
      "value": "arn:aws:execute-api:sa-east-1:155314306528:ilhe6h4tzi/prod/minha-rota",
      "type": "string"
    },
    "eks_cluster_endpoint": {
      "value": "https://69678DD8C75B582DB33C158AA5B252C1.yl4.sa-east-1.eks.amazonaws.com",
      "type": "string"
    },
    "eks_cluster_name": {
      "value": "jwt-validator-cluster",
      "type": "string"
    },
    "nlb_dns_name": {
      "value": "jwt-validator-nlb-463229adfafe6430.elb.sa-east-1.amazonaws.com",
      "type": "string"
    }
  },
  "resources": [
    {
      "module": "module.api_gateway",
      "mode": "managed",
      "type": "aws_api_gateway_deployment",
      "name": "my_api_gateway",
      "provider": "provider[\"registry.terraform.io/hashicorp/aws\"]",
      "instances": [
        {
          "schema_version": 0,
          "attributes": {
            "canary_settings": [],
            "created_date": "2024-09-20T22:25:07Z",
            "description": "",
            "execution_arn": "arn:aws:execute-api:sa-east-1:155314306528:ilhe6h4tzi/prod",
            "id": "toz95t",
            "invoke_url": "https://ilhe6h4tzi.execute-api.sa-east-1.amazonaws.com/prod",
            "rest_api_id": "ilhe6h4tzi",
            "stage_description": null,
            "stage_name": "prod",
            "triggers": null,
            "variables": null
          },
          "sensitive_attributes": [],
          "private": "bnVsbA==",
          "dependencies": [
            "module.api_gateway.aws_api_gateway_method.my_method",
            "module.api_gateway.aws_api_gateway_resource.my_resource",
            "module.api_gateway.aws_api_gateway_rest_api.my_api_gateway"
          ]
        }
      ]
    },
    {
      "module": "module.api_gateway",
      "mode": "managed",
      "type": "aws_api_gateway_integration",
      "name": "my_integration",
      "provider": "provider[\"registry.terraform.io/hashicorp/aws\"]",
      "instances": [
        {
          "schema_version": 0,
          "attributes": {
            "cache_key_parameters": [],
            "cache_namespace": "wy763s",
            "connection_id": "",
            "connection_type": "INTERNET",
            "content_handling": "",
            "credentials": "",
            "http_method": "GET",
            "id": "agi-ilhe6h4tzi-wy763s-GET",
            "integration_http_method": "POST",
            "passthrough_behavior": "WHEN_NO_MATCH",
            "request_parameters": {},
            "request_templates": {},
            "resource_id": "wy763s",
            "rest_api_id": "ilhe6h4tzi",
            "timeout_milliseconds": 29000,
            "tls_config": [],
            "type": "HTTP_PROXY",
            "uri": "http://example.com"
          },
          "sensitive_attributes": [],
          "private": "bnVsbA==",
          "dependencies": [
            "module.api_gateway.aws_api_gateway_method.my_method",
            "module.api_gateway.aws_api_gateway_resource.my_resource",
            "module.api_gateway.aws_api_gateway_rest_api.my_api_gateway"
          ]
        }
      ]
    },
    {
      "module": "module.api_gateway",
      "mode": "managed",
      "type": "aws_api_gateway_method",
      "name": "my_method",
      "provider": "provider[\"registry.terraform.io/hashicorp/aws\"]",
      "instances": [
        {
          "schema_version": 0,
          "attributes": {
            "api_key_required": false,
            "authorization": "NONE",
            "authorization_scopes": [],
            "authorizer_id": "",
            "http_method": "GET",
            "id": "agm-ilhe6h4tzi-wy763s-GET",
            "operation_name": "",
            "request_models": {},
            "request_parameters": {},
            "request_validator_id": "",
            "resource_id": "wy763s",
            "rest_api_id": "ilhe6h4tzi"
          },
          "sensitive_attributes": [],
          "private": "bnVsbA==",
          "dependencies": [
            "module.api_gateway.aws_api_gateway_resource.my_resource",
            "module.api_gateway.aws_api_gateway_rest_api.my_api_gateway"
          ]
        }
      ]
    },
    {
      "module": "module.api_gateway",
      "mode": "managed",
      "type": "aws_api_gateway_resource",
      "name": "my_resource",
      "provider": "provider[\"registry.terraform.io/hashicorp/aws\"]",
      "instances": [
        {
          "schema_version": 0,
          "attributes": {
            "id": "wy763s",
            "parent_id": "md4kedl3j5",
            "path": "/minha-rota",
            "path_part": "minha-rota",
            "rest_api_id": "ilhe6h4tzi"
          },
          "sensitive_attributes": [],
          "private": "bnVsbA==",
          "dependencies": [
            "module.api_gateway.aws_api_gateway_rest_api.my_api_gateway"
          ]
        }
      ]
    },
    {
      "module": "module.api_gateway",
      "mode": "managed",
      "type": "aws_api_gateway_rest_api",
      "name": "my_api_gateway",
      "provider": "provider[\"registry.terraform.io/hashicorp/aws\"]",
      "instances": [
        {
          "schema_version": 0,
          "attributes": {
            "api_key_source": "HEADER",
            "arn": "arn:aws:apigateway:sa-east-1::/restapis/ilhe6h4tzi",
            "binary_media_types": [],
            "body": null,
            "created_date": "2024-09-20T22:25:06Z",
            "description": "API Gateway para minha aplicação.",
            "disable_execute_api_endpoint": false,
            "endpoint_configuration": [
              {
                "types": [
                  "EDGE"
                ],
                "vpc_endpoint_ids": []
              }
            ],
            "execution_arn": "arn:aws:execute-api:sa-east-1:155314306528:ilhe6h4tzi",
            "fail_on_warnings": null,
            "id": "ilhe6h4tzi",
            "minimum_compression_size": "",
            "name": "jwt-validator-api",
            "parameters": null,
            "policy": "",
            "put_rest_api_mode": null,
            "root_resource_id": "md4kedl3j5",
            "tags": {},
            "tags_all": {}
          },
          "sensitive_attributes": [],
          "private": "bnVsbA=="
        }
      ]
    },
    {
      "module": "module.api_gateway",
      "mode": "managed",
      "type": "aws_api_gateway_stage",
      "name": "my_stage",
      "provider": "provider[\"registry.terraform.io/hashicorp/aws\"]",
      "instances": [
        {
          "schema_version": 0,
          "attributes": {
            "access_log_settings": [],
            "arn": "arn:aws:apigateway:sa-east-1::/restapis/ilhe6h4tzi/stages/v1",
            "cache_cluster_enabled": false,
            "cache_cluster_size": "",
            "canary_settings": [],
            "client_certificate_id": "",
            "deployment_id": "toz95t",
            "description": "",
            "documentation_version": "",
            "execution_arn": "arn:aws:execute-api:sa-east-1:155314306528:ilhe6h4tzi/v1",
            "id": "ags-ilhe6h4tzi-v1",
            "invoke_url": "https://ilhe6h4tzi.execute-api.sa-east-1.amazonaws.com/v1",
            "rest_api_id": "ilhe6h4tzi",
            "stage_name": "v1",
            "tags": {},
            "tags_all": {},
            "variables": {},
            "web_acl_arn": "",
            "xray_tracing_enabled": false
          },
          "sensitive_attributes": [],
          "private": "bnVsbA==",
          "dependencies": [
            "module.api_gateway.aws_api_gateway_deployment.my_api_gateway",
            "module.api_gateway.aws_api_gateway_method.my_method",
            "module.api_gateway.aws_api_gateway_resource.my_resource",
            "module.api_gateway.aws_api_gateway_rest_api.my_api_gateway"
          ]
        }
      ]
    },
    {
      "module": "module.eks",
      "mode": "managed",
      "type": "aws_eks_cluster",
      "name": "cluster",
      "provider": "provider[\"registry.terraform.io/hashicorp/aws\"]",
      "instances": [
        {
          "schema_version": 1,
          "attributes": {
            "access_config": [
              {
                "authentication_mode": "CONFIG_MAP",
                "bootstrap_cluster_creator_admin_permissions": true
              }
            ],
            "arn": "arn:aws:eks:sa-east-1:155314306528:cluster/jwt-validator-cluster",
            "bootstrap_self_managed_addons": true,
            "certificate_authority": [
              {
                "data": "LS0tLS1CRUdJTiBDRVJUSUZJQ0FURS0tLS0tCk1JSURCVENDQWUyZ0F3SUJBZ0lJWUhqN3l3bVF3ck13RFFZSktvWklodmNOQVFFTEJRQXdGVEVUTUJFR0ExVUUKQXhNS2EzVmlaWEp1WlhSbGN6QWVGdzB5TkRBNU1qQXlNekUzTVRWYUZ3MHpOREE1TVRneU16SXlNVFZhTUJVeApFekFSQmdOVkJBTVRDbXQxWW1WeWJtVjBaWE13Z2dFaU1BMEdDU3FHU0liM0RRRUJBUVVBQTRJQkR3QXdnZ0VLCkFvSUJBUURxMUpTaWJyU3RsOGhSSW1JbEFtMzdpRjNjb1lGa1dtS242OUFlMzgyMjA3bDdIVkd0UklMb2t5K3kKNGpQVDg5VUN5Nm82U0RZeVlpMWRlbDlYZ2Jta1hKQ005UkFNNkI3bnpCbG9RZHlIUE0vZzRpODVNT2RGaDVURQpzblhEN1lIR3VRbDdZb0R4MDJnY3pocFJ4Z2FZNzlRd0orYjRmZ3hQanRpT3VzU2RMdFdiald2MU5kZDg1VFhmCnlZRXA5dGY1SFZYMDlUdFY3UXMxUGpHSG5aRkd2aWM5Q2c3Qk9ncVNuZ1pPZWpiN2pib3FKWUNUQ2dpTTFqdVAKTCtlajJzb1pzODlud2Mva0V2NzMxTXUyb09HZHhYc2tDT2YrVWUzcGFPSlNYSzMvS1FuRDlKZWVobG1ROTlKZQppSFEyRlhGSGZuOWl3Tm95RjkyUm90VE1HM1V2QWdNQkFBR2pXVEJYTUE0R0ExVWREd0VCL3dRRUF3SUNwREFQCkJnTlZIUk1CQWY4RUJUQURBUUgvTUIwR0ExVWREZ1FXQkJUUC8zZXpjL3N1VnpxM3FaNDJndUxQVTlBR2VqQVYKQmdOVkhSRUVEakFNZ2dwcmRXSmxjbTVsZEdWek1BMEdDU3FHU0liM0RRRUJDd1VBQTRJQkFRQ0lKRXlyYm5xaApDYkszUDVLQ0hHVjZPTHBlN3U5ZHZLZmVlVUNwNmFlYmxJYUZjOVRJeUdIN1doY3FhakN1d0FrU1N0MnZ2OXFDCjV0a1UzQkRrRVZDSDE3WkUzdjF0cGozZ2VBamdaUXJydkRZSnFsZWtKY0RoUTJuR1oxcTYza2NaUGs0UERwZ0wKQWtRSEZtdDNPWmlqbkFHN0xuaTFacSt2ZVZKQXc2T3dwVVpCQjkvWGl4eVpqclhYaWl1UjM4YXhHOFZBLzdkZApUeWU5aHloZVJFMVJmYm04OStoQ091VG1XbzM3UXg0U2FNcWMxRzE4UXRubUtlOEQ3V3MxSXJrdUhWU0VrL3hDCnAwRjdrbEVMUGNNa1o2dTA5SDhYM1J5UlI0ZW9aOElDTE1qTTRMd09TWnV2SDJhSWg2OWhvS1JkUUtnckFaUkwKc3lzTmdJWTFtYTM5Ci0tLS0tRU5EIENFUlRJRklDQVRFLS0tLS0K"
              }
            ],
            "cluster_id": null,
            "created_at": "2024-09-20T23:18:18Z",
            "enabled_cluster_log_types": [],
            "encryption_config": [],
            "endpoint": "https://69678DD8C75B582DB33C158AA5B252C1.yl4.sa-east-1.eks.amazonaws.com",
            "id": "jwt-validator-cluster",
            "identity": [
              {
                "oidc": [
                  {
                    "issuer": "https://oidc.eks.sa-east-1.amazonaws.com/id/69678DD8C75B582DB33C158AA5B252C1"
                  }
                ]
              }
            ],
            "kubernetes_network_config": [
              {
                "ip_family": "ipv4",
                "service_ipv4_cidr": "10.100.0.0/16",
                "service_ipv6_cidr": ""
              }
            ],
            "name": "jwt-validator-cluster",
            "outpost_config": [],
            "platform_version": "eks.8",
            "role_arn": "arn:aws:iam::155314306528:role/jwt-validator-eks-node-group",
            "status": "ACTIVE",
            "tags": {},
            "tags_all": {},
            "timeouts": null,
            "upgrade_policy": [
              {
                "support_type": "EXTENDED"
              }
            ],
            "version": "1.30",
            "vpc_config": [
              {
                "cluster_security_group_id": "sg-0c33cde4d68e7caa6",
                "endpoint_private_access": false,
                "endpoint_public_access": true,
                "public_access_cidrs": [
                  "0.0.0.0/0"
                ],
                "security_group_ids": [
                  "sg-0beabf715e99bd06e"
                ],
                "subnet_ids": [
                  "subnet-039d5bb4e357b5d8e"
                ],
                "vpc_id": "vpc-0230ad20389106f29"
              }
            ]
          },
          "sensitive_attributes": [],
          "private": "eyJlMmJmYjczMC1lY2FhLTExZTYtOGY4OC0zNDM2M2JjN2M0YzAiOnsiY3JlYXRlIjoxODAwMDAwMDAwMDAwLCJkZWxldGUiOjkwMDAwMDAwMDAwMCwidXBkYXRlIjozNjAwMDAwMDAwMDAwfSwic2NoZW1hX3ZlcnNpb24iOiIxIn0=",
          "dependencies": [
            "module.eks.aws_iam_role.eks_node_group_role",
            "module.eks.aws_security_group.eks_cluster_sg"
          ]
        }
      ]
    },
    {
      "module": "module.eks",
      "mode": "managed",
      "type": "aws_iam_policy",
      "name": "eks_node_group_policy",
      "provider": "provider[\"registry.terraform.io/hashicorp/aws\"]",
      "instances": [
        {
          "schema_version": 0,
          "attributes": {
            "arn": "arn:aws:iam::155314306528:policy/eks-nodegroup-policy",
            "attachment_count": 1,
            "description": "Política de permissões para o Node Group do EKS",
            "id": "arn:aws:iam::155314306528:policy/eks-nodegroup-policy",
            "name": "eks-nodegroup-policy",
            "name_prefix": "",
            "path": "/",
            "policy": "{\"Statement\":[{\"Action\":[\"ec2:DescribeInstances\",\"ec2:DescribeSecurityGroups\",\"ec2:DescribeSubnets\",\"ec2:DescribeVpcs\",\"ec2:CreateNetworkInterface\",\"ec2:DeleteNetworkInterface\",\"ec2:DescribeNetworkInterfaces\",\"ec2:AttachNetworkInterface\",\"ec2:DetachNetworkInterface\",\"ec2:ModifyNetworkInterfaceAttribute\",\"autoscaling:DescribeAutoScalingGroups\",\"autoscaling:DescribeAutoScalingInstances\",\"autoscaling:UpdateAutoScalingGroup\",\"eks:DescribeCluster\",\"iam:PassRole\"],\"Effect\":\"Allow\",\"Resource\":\"*\"}],\"Version\":\"2012-10-17\"}",
            "policy_id": "ANPASIKLUHXQGAZNOHHEY",
            "tags": {},
            "tags_all": {}
          },
          "sensitive_attributes": [],
          "private": "bnVsbA=="
        }
      ]
    },
    {
      "module": "module.eks",
      "mode": "managed",
      "type": "aws_iam_role",
      "name": "eks_node_group_role",
      "provider": "provider[\"registry.terraform.io/hashicorp/aws\"]",
      "instances": [
        {
          "schema_version": 0,
          "attributes": {
            "arn": "arn:aws:iam::155314306528:role/jwt-validator-eks-node-group",
            "assume_role_policy": "{\"Statement\":[{\"Action\":\"sts:AssumeRole\",\"Effect\":\"Allow\",\"Principal\":{\"Service\":[\"ec2.amazonaws.com\",\"eks.amazonaws.com\"]}}],\"Version\":\"2012-10-17\"}",
            "create_date": "2024-09-20T23:18:15Z",
            "description": "",
            "force_detach_policies": false,
            "id": "jwt-validator-eks-node-group",
            "inline_policy": [],
            "managed_policy_arns": [
              "arn:aws:iam::155314306528:policy/eks-nodegroup-policy"
            ],
            "max_session_duration": 3600,
            "name": "jwt-validator-eks-node-group",
            "name_prefix": "",
            "path": "/",
            "permissions_boundary": "",
            "tags": {},
            "tags_all": {},
            "unique_id": "AROASIKLUHXQAR3AQNVLT"
          },
          "sensitive_attributes": [],
          "private": "bnVsbA=="
        }
      ]
    },
    {
      "module": "module.eks",
      "mode": "managed",
      "type": "aws_iam_role_policy_attachment",
      "name": "eks_node_group_policy_attachment",
      "provider": "provider[\"registry.terraform.io/hashicorp/aws\"]",
      "instances": [
        {
          "schema_version": 0,
          "attributes": {
            "id": "jwt-validator-eks-node-group-20240920231759334100000001",
            "policy_arn": "arn:aws:iam::155314306528:policy/eks-nodegroup-policy",
            "role": "jwt-validator-eks-node-group"
          },
          "sensitive_attributes": [],
          "private": "bnVsbA==",
          "dependencies": [
            "module.eks.aws_iam_policy.eks_node_group_policy",
            "module.eks.aws_iam_role.eks_node_group_role"
          ]
        }
      ]
    },
    {
      "module": "module.eks",
      "mode": "managed",
      "type": "aws_security_group",
      "name": "eks_cluster_sg",
      "provider": "provider[\"registry.terraform.io/hashicorp/aws\"]",
      "instances": [
        {
          "schema_version": 1,
          "attributes": {
            "arn": "arn:aws:ec2:sa-east-1:155314306528:security-group/sg-0beabf715e99bd06e",
            "description": "Security group for the EKS cluster",
            "egress": [
              {
                "cidr_blocks": [
                  "0.0.0.0/0"
                ],
                "description": "",
                "from_port": 0,
                "ipv6_cidr_blocks": [],
                "prefix_list_ids": [],
                "protocol": "-1",
                "security_groups": [],
                "self": false,
                "to_port": 0
              }
            ],
            "id": "sg-0beabf715e99bd06e",
            "ingress": [
              {
                "cidr_blocks": [
                  "0.0.0.0/0"
                ],
                "description": "",
                "from_port": 10250,
                "ipv6_cidr_blocks": [],
                "prefix_list_ids": [],
                "protocol": "tcp",
                "security_groups": [],
                "self": false,
                "to_port": 10250
              },
              {
                "cidr_blocks": [
                  "0.0.0.0/0"
                ],
                "description": "",
                "from_port": 443,
                "ipv6_cidr_blocks": [],
                "prefix_list_ids": [],
                "protocol": "tcp",
                "security_groups": [],
                "self": false,
                "to_port": 443
              }
            ],
            "name": "eks-cluster-sg",
            "name_prefix": "",
            "owner_id": "155314306528",
            "revoke_rules_on_delete": false,
            "tags": {},
            "tags_all": {},
            "timeouts": null,
            "vpc_id": "vpc-0230ad20389106f29"
          },
          "sensitive_attributes": [],
          "private": "eyJlMmJmYjczMC1lY2FhLTExZTYtOGY4OC0zNDM2M2JjN2M0YzAiOnsiY3JlYXRlIjo2MDAwMDAwMDAwMDAsImRlbGV0ZSI6OTAwMDAwMDAwMDAwfSwic2NoZW1hX3ZlcnNpb24iOiIxIn0="
        }
      ]
    },
    {
      "module": "module.eks",
      "mode": "managed",
      "type": "aws_security_group",
      "name": "eks_node_group_sg",
      "provider": "provider[\"registry.terraform.io/hashicorp/aws\"]",
      "instances": [
        {
          "schema_version": 1,
          "attributes": {
            "arn": "arn:aws:ec2:sa-east-1:155314306528:security-group/sg-06071d9d2e93e5869",
            "description": "Security group for the EKS node group",
            "egress": [
              {
                "cidr_blocks": [
                  "0.0.0.0/0"
                ],
                "description": "",
                "from_port": 0,
                "ipv6_cidr_blocks": [],
                "prefix_list_ids": [],
                "protocol": "-1",
                "security_groups": [],
                "self": false,
                "to_port": 0
              }
            ],
            "id": "sg-06071d9d2e93e5869",
            "ingress": [
              {
                "cidr_blocks": [
                  "0.0.0.0/0"
                ],
                "description": "",
                "from_port": 10250,
                "ipv6_cidr_blocks": [],
                "prefix_list_ids": [],
                "protocol": "tcp",
                "security_groups": [],
                "self": false,
                "to_port": 10250
              },
              {
                "cidr_blocks": [
                  "0.0.0.0/0"
                ],
                "description": "",
                "from_port": 443,
                "ipv6_cidr_blocks": [],
                "prefix_list_ids": [],
                "protocol": "tcp",
                "security_groups": [],
                "self": false,
                "to_port": 443
              }
            ],
            "name": "eks-node-group-sg",
            "name_prefix": "",
            "owner_id": "155314306528",
            "revoke_rules_on_delete": false,
            "tags": {},
            "tags_all": {},
            "timeouts": null,
            "vpc_id": "vpc-0230ad20389106f29"
          },
          "sensitive_attributes": [],
          "private": "eyJlMmJmYjczMC1lY2FhLTExZTYtOGY4OC0zNDM2M2JjN2M0YzAiOnsiY3JlYXRlIjo2MDAwMDAwMDAwMDAsImRlbGV0ZSI6OTAwMDAwMDAwMDAwfSwic2NoZW1hX3ZlcnNpb24iOiIxIn0="
        }
      ]
    },
    {
      "module": "module.nlb",
      "mode": "managed",
      "type": "aws_lb",
      "name": "nlb",
      "provider": "provider[\"registry.terraform.io/hashicorp/aws\"]",
      "instances": [
        {
          "schema_version": 0,
          "attributes": {
            "access_logs": [
              {
                "bucket": "",
                "enabled": false,
                "prefix": ""
              }
            ],
            "arn": "arn:aws:elasticloadbalancing:sa-east-1:155314306528:loadbalancer/net/jwt-validator-nlb/463229adfafe6430",
            "arn_suffix": "net/jwt-validator-nlb/463229adfafe6430",
            "client_keep_alive": null,
            "connection_logs": [],
            "customer_owned_ipv4_pool": "",
            "desync_mitigation_mode": null,
            "dns_name": "jwt-validator-nlb-463229adfafe6430.elb.sa-east-1.amazonaws.com",
            "dns_record_client_routing_policy": "any_availability_zone",
            "drop_invalid_header_fields": null,
            "enable_cross_zone_load_balancing": false,
            "enable_deletion_protection": false,
            "enable_http2": null,
            "enable_tls_version_and_cipher_suite_headers": null,
            "enable_waf_fail_open": null,
            "enable_xff_client_port": null,
            "enforce_security_group_inbound_rules_on_private_link_traffic": "",
            "id": "arn:aws:elasticloadbalancing:sa-east-1:155314306528:loadbalancer/net/jwt-validator-nlb/463229adfafe6430",
            "idle_timeout": null,
            "internal": false,
            "ip_address_type": "ipv4",
            "load_balancer_type": "network",
            "name": "jwt-validator-nlb",
            "name_prefix": "",
            "preserve_host_header": null,
            "security_groups": [],
            "subnet_mapping": [
              {
                "allocation_id": "",
                "ipv6_address": "",
                "outpost_id": "",
                "private_ipv4_address": "",
                "subnet_id": "subnet-039d5bb4e357b5d8e"
              }
            ],
            "subnets": [
              "subnet-039d5bb4e357b5d8e"
            ],
            "tags": null,
            "tags_all": {},
            "timeouts": null,
            "vpc_id": "vpc-0230ad20389106f29",
            "xff_header_processing_mode": null,
            "zone_id": "ZTK26PT1VY4CU"
          },
          "sensitive_attributes": [],
          "private": "eyJlMmJmYjczMC1lY2FhLTExZTYtOGY4OC0zNDM2M2JjN2M0YzAiOnsiY3JlYXRlIjo2MDAwMDAwMDAwMDAsImRlbGV0ZSI6NjAwMDAwMDAwMDAwLCJ1cGRhdGUiOjYwMDAwMDAwMDAwMH19"
        }
      ]
    },
    {
      "module": "module.nlb",
      "mode": "managed",
      "type": "aws_lb_listener",
      "name": "nlb_listener",
      "provider": "provider[\"registry.terraform.io/hashicorp/aws\"]",
      "instances": [
        {
          "schema_version": 0,
          "attributes": {
            "alpn_policy": null,
            "arn": "arn:aws:elasticloadbalancing:sa-east-1:155314306528:listener/net/jwt-validator-nlb/463229adfafe6430/952da6b6a8216e3f",
            "certificate_arn": null,
            "default_action": [
              {
                "authenticate_cognito": [],
                "authenticate_oidc": [],
                "fixed_response": [],
                "forward": [],
                "order": 1,
                "redirect": [],
                "target_group_arn": "arn:aws:elasticloadbalancing:sa-east-1:155314306528:targetgroup/jwt-validator-nlb-target-group/01b663d0bbc1ec11",
                "type": "forward"
              }
            ],
            "id": "arn:aws:elasticloadbalancing:sa-east-1:155314306528:listener/net/jwt-validator-nlb/463229adfafe6430/952da6b6a8216e3f",
            "load_balancer_arn": "arn:aws:elasticloadbalancing:sa-east-1:155314306528:loadbalancer/net/jwt-validator-nlb/463229adfafe6430",
            "mutual_authentication": [],
            "port": 80,
            "protocol": "TCP",
            "ssl_policy": "",
            "tags": null,
            "tags_all": {},
            "timeouts": null
          },
          "sensitive_attributes": [],
          "private": "eyJlMmJmYjczMC1lY2FhLTExZTYtOGY4OC0zNDM2M2JjN2M0YzAiOnsiY3JlYXRlIjozMDAwMDAwMDAwMDAsInVwZGF0ZSI6MzAwMDAwMDAwMDAwfX0=",
          "dependencies": [
            "module.nlb.aws_lb.nlb",
            "module.nlb.aws_lb_target_group.nlb_target_group"
          ]
        }
      ]
    },
    {
      "module": "module.nlb",
      "mode": "managed",
      "type": "aws_lb_target_group",
      "name": "nlb_target_group",
      "provider": "provider[\"registry.terraform.io/hashicorp/aws\"]",
      "instances": [
        {
          "schema_version": 0,
          "attributes": {
            "arn": "arn:aws:elasticloadbalancing:sa-east-1:155314306528:targetgroup/jwt-validator-nlb-target-group/01b663d0bbc1ec11",
            "arn_suffix": "targetgroup/jwt-validator-nlb-target-group/01b663d0bbc1ec11",
            "connection_termination": false,
            "deregistration_delay": "300",
            "health_check": [
              {
                "enabled": true,
                "healthy_threshold": 5,
                "interval": 30,
                "matcher": "",
                "path": "",
                "port": "traffic-port",
                "protocol": "TCP",
                "timeout": 10,
                "unhealthy_threshold": 2
              }
            ],
            "id": "arn:aws:elasticloadbalancing:sa-east-1:155314306528:targetgroup/jwt-validator-nlb-target-group/01b663d0bbc1ec11",
            "ip_address_type": "ipv4",
            "lambda_multi_value_headers_enabled": false,
            "load_balancer_arns": [
              "arn:aws:elasticloadbalancing:sa-east-1:155314306528:loadbalancer/net/jwt-validator-nlb/21e277d24a74e9f6"
            ],
            "load_balancing_algorithm_type": null,
            "load_balancing_anomaly_mitigation": null,
            "load_balancing_cross_zone_enabled": "use_load_balancer_configuration",
            "name": "jwt-validator-nlb-target-group",
            "name_prefix": "",
            "port": 80,
            "preserve_client_ip": "true",
            "protocol": "TCP",
            "protocol_version": null,
            "proxy_protocol_v2": false,
            "slow_start": 0,
            "stickiness": [
              {
                "cookie_duration": 0,
                "cookie_name": "",
                "enabled": false,
                "type": "source_ip"
              }
            ],
            "tags": {},
            "tags_all": {},
            "target_failover": [
              {
                "on_deregistration": null,
                "on_unhealthy": null
              }
            ],
            "target_group_health": [
              {
                "dns_failover": [
                  {
                    "minimum_healthy_targets_count": "1",
                    "minimum_healthy_targets_percentage": "off"
                  }
                ],
                "unhealthy_state_routing": [
                  {
                    "minimum_healthy_targets_count": 1,
                    "minimum_healthy_targets_percentage": "off"
                  }
                ]
              }
            ],
            "target_health_state": [
              {
                "enable_unhealthy_connection_termination": true,
                "unhealthy_draining_interval": 0
              }
            ],
            "target_type": "instance",
            "vpc_id": "vpc-0230ad20389106f29"
          },
          "sensitive_attributes": [],
          "private": "bnVsbA=="
        }
      ]
    }
  ],
  "check_results": null
}
